
Microsoft Visual Studio Solution File, Format Version 12.00
# Visual Studio Version 17
VisualStudioVersion = 17.9.34616.47
MinimumVisualStudioVersion = 10.0.40219.1
Project("{FAE04EC0-301F-11D3-BF4B-00C04F79EFBC}") = "Cinema", "Cinema.csproj", "{7BB6FEA0-4884-45AB-AF65-FB7FDA9FC742}"
EndProject
Global
	GlobalSection(SolutionConfigurationPlatforms) = preSolution
		Debug|Any CPU = Debug|Any CPU
		Release|Any CPU = Release|Any CPU
	EndGlobalSection
	GlobalSection(ProjectConfigurationPlatforms) = postSolution
		{7BB6FEA0-4884-45AB-AF65-FB7FDA9FC742}.Debug|Any CPU.ActiveCfg = Debug|Any CPU
		{7BB6FEA0-4884-45AB-AF65-FB7FDA9FC742}.Debug|Any CPU.Build.0 = Debug|Any CPU
		{7BB6FEA0-4884-45AB-AF65-FB7FDA9FC742}.Release|Any CPU.ActiveCfg = Release|Any CPU
		{7BB6FEA0-4884-45AB-AF65-FB7FDA9FC742}.Release|Any CPU.Build.0 = Release|Any CPU
	EndGlobalSection
	GlobalSection(SolutionProperties) = preSolution
		HideSolutionNode = FALSE
	EndGlobalSection
	GlobalSection(ExtensibilityGlobals) = postSolution
		SolutionGuid = {771057C9-11CC-401F-8794-F559AF4D563C}
	EndGlobalSection
EndGlobal
